
Microsoft Visual Studio Solution File, Format Version 12.00
# Visual Studio Version 16
VisualStudioVersion = 16.0.29201.188
MinimumVisualStudioVersion = 10.0.40219.1
Project("{FAE04EC0-301F-11D3-BF4B-00C04F79EFBC}") = "Pentago", "Pentago\Pentago.csproj", "{5FBF4B87-7CF4-46F5-901D-F1062CA21802}"
EndProject
Global
	GlobalSection(SolutionConfigurationPlatforms) = preSolution
		Debug|Any CPU = Debug|Any CPU
		Release|Any CPU = Release|Any CPU
	EndGlobalSection
	GlobalSection(ProjectConfigurationPlatforms) = postSolution
		{5FBF4B87-7CF4-46F5-901D-F1062CA21802}.Debug|Any CPU.ActiveCfg = Debug|Any CPU
		{5FBF4B87-7CF4-46F5-901D-F1062CA21802}.Debug|Any CPU.Build.0 = Debug|Any CPU
		{5FBF4B87-7CF4-46F5-901D-F1062CA21802}.Release|Any CPU.ActiveCfg = Release|Any CPU
		{5FBF4B87-7CF4-46F5-901D-F1062CA21802}.Release|Any CPU.Build.0 = Release|Any CPU
	EndGlobalSection
	GlobalSection(SolutionProperties) = preSolution
		HideSolutionNode = FALSE
	EndGlobalSection
	GlobalSection(ExtensibilityGlobals) = postSolution
		SolutionGuid = {E3696C02-74CD-4CDF-A56A-1906731E7C62}
	EndGlobalSection
EndGlobal
